
Microsoft Visual Studio Solution File, Format Version 12.00
# Visual Studio 15
VisualStudioVersion = 15.0.28307.168
MinimumVisualStudioVersion = 10.0.40219.1
Project("{FAE04EC0-301F-11D3-BF4B-00C04F79EFBC}") = "zad9.72871. Reverse(на определенном участ.)", "zad9.72871. Reverse(на определенном участ.)\zad9.72871. Reverse(на определенном участ.).csproj", "{B064849C-C3D1-45A5-9468-9E24906D2EA2}"
EndProject
Global
	GlobalSection(SolutionConfigurationPlatforms) = preSolution
		Debug|Any CPU = Debug|Any CPU
		Release|Any CPU = Release|Any CPU
	EndGlobalSection
	GlobalSection(ProjectConfigurationPlatforms) = postSolution
		{B064849C-C3D1-45A5-9468-9E24906D2EA2}.Debug|Any CPU.ActiveCfg = Debug|Any CPU
		{B064849C-C3D1-45A5-9468-9E24906D2EA2}.Debug|Any CPU.Build.0 = Debug|Any CPU
		{B064849C-C3D1-45A5-9468-9E24906D2EA2}.Release|Any CPU.ActiveCfg = Release|Any CPU
		{B064849C-C3D1-45A5-9468-9E24906D2EA2}.Release|Any CPU.Build.0 = Release|Any CPU
	EndGlobalSection
	GlobalSection(SolutionProperties) = preSolution
		HideSolutionNode = FALSE
	EndGlobalSection
	GlobalSection(ExtensibilityGlobals) = postSolution
		SolutionGuid = {8B38D983-7E23-452E-A8A2-E942CDF9BFB1}
	EndGlobalSection
EndGlobal
