
Microsoft Visual Studio Solution File, Format Version 12.00
# Visual Studio 15
VisualStudioVersion = 15.0.28307.329
MinimumVisualStudioVersion = 10.0.40219.1
Project("{FAE04EC0-301F-11D3-BF4B-00C04F79EFBC}") = "animacyta random krugi", "animacyta random krugi\animacyta random krugi.csproj", "{403254BA-770E-4F43-AB2C-068A8BBE4FCA}"
EndProject
Global
	GlobalSection(SolutionConfigurationPlatforms) = preSolution
		Debug|Any CPU = Debug|Any CPU
		Release|Any CPU = Release|Any CPU
	EndGlobalSection
	GlobalSection(ProjectConfigurationPlatforms) = postSolution
		{403254BA-770E-4F43-AB2C-068A8BBE4FCA}.Debug|Any CPU.ActiveCfg = Debug|Any CPU
		{403254BA-770E-4F43-AB2C-068A8BBE4FCA}.Debug|Any CPU.Build.0 = Debug|Any CPU
		{403254BA-770E-4F43-AB2C-068A8BBE4FCA}.Release|Any CPU.ActiveCfg = Release|Any CPU
		{403254BA-770E-4F43-AB2C-068A8BBE4FCA}.Release|Any CPU.Build.0 = Release|Any CPU
	EndGlobalSection
	GlobalSection(SolutionProperties) = preSolution
		HideSolutionNode = FALSE
	EndGlobalSection
	GlobalSection(ExtensibilityGlobals) = postSolution
		SolutionGuid = {A929A646-1242-48AA-95E0-1002B2EC797F}
	EndGlobalSection
EndGlobal
