
Microsoft Visual Studio Solution File, Format Version 12.00
# Visual Studio 15
VisualStudioVersion = 15.0.28307.168
MinimumVisualStudioVersion = 10.0.40219.1
Project("{FAE04EC0-301F-11D3-BF4B-00C04F79EFBC}") = "zad8.72782. сколько odd и even в массиве", "zad8.72782. сколько odd и even в массиве\zad8.72782. сколько odd и even в массиве.csproj", "{863285E8-CE23-45E5-AB86-66F0E3B4E471}"
EndProject
Global
	GlobalSection(SolutionConfigurationPlatforms) = preSolution
		Debug|Any CPU = Debug|Any CPU
		Release|Any CPU = Release|Any CPU
	EndGlobalSection
	GlobalSection(ProjectConfigurationPlatforms) = postSolution
		{863285E8-CE23-45E5-AB86-66F0E3B4E471}.Debug|Any CPU.ActiveCfg = Debug|Any CPU
		{863285E8-CE23-45E5-AB86-66F0E3B4E471}.Debug|Any CPU.Build.0 = Debug|Any CPU
		{863285E8-CE23-45E5-AB86-66F0E3B4E471}.Release|Any CPU.ActiveCfg = Release|Any CPU
		{863285E8-CE23-45E5-AB86-66F0E3B4E471}.Release|Any CPU.Build.0 = Release|Any CPU
	EndGlobalSection
	GlobalSection(SolutionProperties) = preSolution
		HideSolutionNode = FALSE
	EndGlobalSection
	GlobalSection(ExtensibilityGlobals) = postSolution
		SolutionGuid = {19266BB9-9EB0-4AC3-B1FF-F46313E45971}
	EndGlobalSection
EndGlobal
