
Microsoft Visual Studio Solution File, Format Version 12.00
# Visual Studio 15
VisualStudioVersion = 15.0.28307.329
MinimumVisualStudioVersion = 10.0.40219.1
Project("{FAE04EC0-301F-11D3-BF4B-00C04F79EFBC}") = "DvizheniePoOkruzhnosti", "DvizheniePoOkruzhnosti\DvizheniePoOkruzhnosti.csproj", "{7371265A-98D9-46E0-87DF-389C29092F28}"
EndProject
Global
	GlobalSection(SolutionConfigurationPlatforms) = preSolution
		Debug|Any CPU = Debug|Any CPU
		Release|Any CPU = Release|Any CPU
	EndGlobalSection
	GlobalSection(ProjectConfigurationPlatforms) = postSolution
		{7371265A-98D9-46E0-87DF-389C29092F28}.Debug|Any CPU.ActiveCfg = Debug|Any CPU
		{7371265A-98D9-46E0-87DF-389C29092F28}.Debug|Any CPU.Build.0 = Debug|Any CPU
		{7371265A-98D9-46E0-87DF-389C29092F28}.Release|Any CPU.ActiveCfg = Release|Any CPU
		{7371265A-98D9-46E0-87DF-389C29092F28}.Release|Any CPU.Build.0 = Release|Any CPU
	EndGlobalSection
	GlobalSection(SolutionProperties) = preSolution
		HideSolutionNode = FALSE
	EndGlobalSection
	GlobalSection(ExtensibilityGlobals) = postSolution
		SolutionGuid = {CD35E65C-9175-419E-AE65-DE541CCDE687}
	EndGlobalSection
EndGlobal
