
Microsoft Visual Studio Solution File, Format Version 12.00
# Visual Studio 15
VisualStudioVersion = 15.0.28307.168
MinimumVisualStudioVersion = 10.0.40219.1
Project("{FAE04EC0-301F-11D3-BF4B-00C04F79EFBC}") = "zad1. 72477. нужно вывести odd циф. из массива", "zad1. 72477. нужно вывести odd циф. из массива\zad1. 72477. нужно вывести odd циф. из массива.csproj", "{E8E42264-825A-42C6-9B52-36A4BA6657C8}"
EndProject
Global
	GlobalSection(SolutionConfigurationPlatforms) = preSolution
		Debug|Any CPU = Debug|Any CPU
		Release|Any CPU = Release|Any CPU
	EndGlobalSection
	GlobalSection(ProjectConfigurationPlatforms) = postSolution
		{E8E42264-825A-42C6-9B52-36A4BA6657C8}.Debug|Any CPU.ActiveCfg = Debug|Any CPU
		{E8E42264-825A-42C6-9B52-36A4BA6657C8}.Debug|Any CPU.Build.0 = Debug|Any CPU
		{E8E42264-825A-42C6-9B52-36A4BA6657C8}.Release|Any CPU.ActiveCfg = Release|Any CPU
		{E8E42264-825A-42C6-9B52-36A4BA6657C8}.Release|Any CPU.Build.0 = Release|Any CPU
	EndGlobalSection
	GlobalSection(SolutionProperties) = preSolution
		HideSolutionNode = FALSE
	EndGlobalSection
	GlobalSection(ExtensibilityGlobals) = postSolution
		SolutionGuid = {24C0B1FE-D30F-412A-9158-A2BA6B86D97A}
	EndGlobalSection
EndGlobal
