
Microsoft Visual Studio Solution File, Format Version 12.00
# Visual Studio 15
VisualStudioVersion = 15.0.28307.168
MinimumVisualStudioVersion = 10.0.40219.1
Project("{FAE04EC0-301F-11D3-BF4B-00C04F79EFBC}") = "lab2.zad5", "lab2.zad5\lab2.zad5.csproj", "{CCC02BCF-3C1A-46CD-84AC-A0BC4A0B56C1}"
EndProject
Global
	GlobalSection(SolutionConfigurationPlatforms) = preSolution
		Debug|Any CPU = Debug|Any CPU
		Release|Any CPU = Release|Any CPU
	EndGlobalSection
	GlobalSection(ProjectConfigurationPlatforms) = postSolution
		{CCC02BCF-3C1A-46CD-84AC-A0BC4A0B56C1}.Debug|Any CPU.ActiveCfg = Debug|Any CPU
		{CCC02BCF-3C1A-46CD-84AC-A0BC4A0B56C1}.Debug|Any CPU.Build.0 = Debug|Any CPU
		{CCC02BCF-3C1A-46CD-84AC-A0BC4A0B56C1}.Release|Any CPU.ActiveCfg = Release|Any CPU
		{CCC02BCF-3C1A-46CD-84AC-A0BC4A0B56C1}.Release|Any CPU.Build.0 = Release|Any CPU
	EndGlobalSection
	GlobalSection(SolutionProperties) = preSolution
		HideSolutionNode = FALSE
	EndGlobalSection
	GlobalSection(ExtensibilityGlobals) = postSolution
		SolutionGuid = {ED286632-A1C4-46BC-B93C-79C78C9949EB}
	EndGlobalSection
EndGlobal
