
Microsoft Visual Studio Solution File, Format Version 12.00
# Visual Studio 15
VisualStudioVersion = 15.0.28307.168
MinimumVisualStudioVersion = 10.0.40219.1
Project("{FAE04EC0-301F-11D3-BF4B-00C04F79EFBC}") = "zad9.72784. сколько цифр оканчивается на 7", "zad9.72784. сколько цифр оканчивается на 7\zad9.72784. сколько цифр оканчивается на 7.csproj", "{CED33378-040B-428A-AB2A-24A560D2BD02}"
EndProject
Global
	GlobalSection(SolutionConfigurationPlatforms) = preSolution
		Debug|Any CPU = Debug|Any CPU
		Release|Any CPU = Release|Any CPU
	EndGlobalSection
	GlobalSection(ProjectConfigurationPlatforms) = postSolution
		{CED33378-040B-428A-AB2A-24A560D2BD02}.Debug|Any CPU.ActiveCfg = Debug|Any CPU
		{CED33378-040B-428A-AB2A-24A560D2BD02}.Debug|Any CPU.Build.0 = Debug|Any CPU
		{CED33378-040B-428A-AB2A-24A560D2BD02}.Release|Any CPU.ActiveCfg = Release|Any CPU
		{CED33378-040B-428A-AB2A-24A560D2BD02}.Release|Any CPU.Build.0 = Release|Any CPU
	EndGlobalSection
	GlobalSection(SolutionProperties) = preSolution
		HideSolutionNode = FALSE
	EndGlobalSection
	GlobalSection(ExtensibilityGlobals) = postSolution
		SolutionGuid = {7DC83F27-3A59-43CF-92E6-4923278291C0}
	EndGlobalSection
EndGlobal
