
Microsoft Visual Studio Solution File, Format Version 12.00
# Visual Studio 15
VisualStudioVersion = 15.0.28307.168
MinimumVisualStudioVersion = 10.0.40219.1
Project("{FAE04EC0-301F-11D3-BF4B-00C04F79EFBC}") = "zad7.72780.MaxToMin(Максимум делаем минимумом)", "zad7.72780.MaxToMin(Максимум делаем минимумом)\zad7.72780.MaxToMin(Максимум делаем минимумом).csproj", "{1661A3DA-ECAC-41A1-BD44-5B9DD50C41AA}"
EndProject
Global
	GlobalSection(SolutionConfigurationPlatforms) = preSolution
		Debug|Any CPU = Debug|Any CPU
		Release|Any CPU = Release|Any CPU
	EndGlobalSection
	GlobalSection(ProjectConfigurationPlatforms) = postSolution
		{1661A3DA-ECAC-41A1-BD44-5B9DD50C41AA}.Debug|Any CPU.ActiveCfg = Debug|Any CPU
		{1661A3DA-ECAC-41A1-BD44-5B9DD50C41AA}.Debug|Any CPU.Build.0 = Debug|Any CPU
		{1661A3DA-ECAC-41A1-BD44-5B9DD50C41AA}.Release|Any CPU.ActiveCfg = Release|Any CPU
		{1661A3DA-ECAC-41A1-BD44-5B9DD50C41AA}.Release|Any CPU.Build.0 = Release|Any CPU
	EndGlobalSection
	GlobalSection(SolutionProperties) = preSolution
		HideSolutionNode = FALSE
	EndGlobalSection
	GlobalSection(ExtensibilityGlobals) = postSolution
		SolutionGuid = {7C30756D-BA01-4692-9DE3-BB7718D368DF}
	EndGlobalSection
EndGlobal
