
Microsoft Visual Studio Solution File, Format Version 12.00
# Visual Studio 15
VisualStudioVersion = 15.0.28307.168
MinimumVisualStudioVersion = 10.0.40219.1
Project("{FAE04EC0-301F-11D3-BF4B-00C04F79EFBC}") = "zad12.72792. Bitwise AND", "zad12.72792. Bitwise AND\zad12.72792. Bitwise AND.csproj", "{C4BED83A-432E-47CA-BEE8-EE16BD2372A7}"
EndProject
Global
	GlobalSection(SolutionConfigurationPlatforms) = preSolution
		Debug|Any CPU = Debug|Any CPU
		Release|Any CPU = Release|Any CPU
	EndGlobalSection
	GlobalSection(ProjectConfigurationPlatforms) = postSolution
		{C4BED83A-432E-47CA-BEE8-EE16BD2372A7}.Debug|Any CPU.ActiveCfg = Debug|Any CPU
		{C4BED83A-432E-47CA-BEE8-EE16BD2372A7}.Debug|Any CPU.Build.0 = Debug|Any CPU
		{C4BED83A-432E-47CA-BEE8-EE16BD2372A7}.Release|Any CPU.ActiveCfg = Release|Any CPU
		{C4BED83A-432E-47CA-BEE8-EE16BD2372A7}.Release|Any CPU.Build.0 = Release|Any CPU
	EndGlobalSection
	GlobalSection(SolutionProperties) = preSolution
		HideSolutionNode = FALSE
	EndGlobalSection
	GlobalSection(ExtensibilityGlobals) = postSolution
		SolutionGuid = {93FADB2F-59C9-4EAA-8736-29EC50622197}
	EndGlobalSection
EndGlobal
