
Microsoft Visual Studio Solution File, Format Version 12.00
# Visual Studio 15
VisualStudioVersion = 15.0.28307.329
MinimumVisualStudioVersion = 10.0.40219.1
Project("{FAE04EC0-301F-11D3-BF4B-00C04F79EFBC}") = "Task2", "Task2\Task2.csproj", "{1F063739-2767-4734-AB1D-9F19918BB877}"
EndProject
Global
	GlobalSection(SolutionConfigurationPlatforms) = preSolution
		Debug|Any CPU = Debug|Any CPU
		Release|Any CPU = Release|Any CPU
	EndGlobalSection
	GlobalSection(ProjectConfigurationPlatforms) = postSolution
		{1F063739-2767-4734-AB1D-9F19918BB877}.Debug|Any CPU.ActiveCfg = Debug|Any CPU
		{1F063739-2767-4734-AB1D-9F19918BB877}.Debug|Any CPU.Build.0 = Debug|Any CPU
		{1F063739-2767-4734-AB1D-9F19918BB877}.Release|Any CPU.ActiveCfg = Release|Any CPU
		{1F063739-2767-4734-AB1D-9F19918BB877}.Release|Any CPU.Build.0 = Release|Any CPU
	EndGlobalSection
	GlobalSection(SolutionProperties) = preSolution
		HideSolutionNode = FALSE
	EndGlobalSection
	GlobalSection(ExtensibilityGlobals) = postSolution
		SolutionGuid = {920C278D-4D95-48B5-8E67-B23D1EFC5756}
	EndGlobalSection
EndGlobal
