
Microsoft Visual Studio Solution File, Format Version 12.00
# Visual Studio 15
VisualStudioVersion = 15.0.28307.168
MinimumVisualStudioVersion = 10.0.40219.1
Project("{FAE04EC0-301F-11D3-BF4B-00C04F79EFBC}") = "lab1.zad5", "lab1.zad5\lab1.zad5.csproj", "{77006F0C-E20C-4853-AEED-324DC93666ED}"
EndProject
Global
	GlobalSection(SolutionConfigurationPlatforms) = preSolution
		Debug|Any CPU = Debug|Any CPU
		Release|Any CPU = Release|Any CPU
	EndGlobalSection
	GlobalSection(ProjectConfigurationPlatforms) = postSolution
		{77006F0C-E20C-4853-AEED-324DC93666ED}.Debug|Any CPU.ActiveCfg = Debug|Any CPU
		{77006F0C-E20C-4853-AEED-324DC93666ED}.Debug|Any CPU.Build.0 = Debug|Any CPU
		{77006F0C-E20C-4853-AEED-324DC93666ED}.Release|Any CPU.ActiveCfg = Release|Any CPU
		{77006F0C-E20C-4853-AEED-324DC93666ED}.Release|Any CPU.Build.0 = Release|Any CPU
	EndGlobalSection
	GlobalSection(SolutionProperties) = preSolution
		HideSolutionNode = FALSE
	EndGlobalSection
	GlobalSection(ExtensibilityGlobals) = postSolution
		SolutionGuid = {45FAE093-6CAF-4CA4-A8B4-BF53A1FDCEFD}
	EndGlobalSection
EndGlobal
