
Microsoft Visual Studio Solution File, Format Version 12.00
# Visual Studio 15
VisualStudioVersion = 15.0.28307.168
MinimumVisualStudioVersion = 10.0.40219.1
Project("{FAE04EC0-301F-11D3-BF4B-00C04F79EFBC}") = "lab1.zad4", "lab1.zad4\lab1.zad4.csproj", "{101F6B6D-D00F-4EC1-9301-6EBB3A0541E0}"
EndProject
Global
	GlobalSection(SolutionConfigurationPlatforms) = preSolution
		Debug|Any CPU = Debug|Any CPU
		Release|Any CPU = Release|Any CPU
	EndGlobalSection
	GlobalSection(ProjectConfigurationPlatforms) = postSolution
		{101F6B6D-D00F-4EC1-9301-6EBB3A0541E0}.Debug|Any CPU.ActiveCfg = Debug|Any CPU
		{101F6B6D-D00F-4EC1-9301-6EBB3A0541E0}.Debug|Any CPU.Build.0 = Debug|Any CPU
		{101F6B6D-D00F-4EC1-9301-6EBB3A0541E0}.Release|Any CPU.ActiveCfg = Release|Any CPU
		{101F6B6D-D00F-4EC1-9301-6EBB3A0541E0}.Release|Any CPU.Build.0 = Release|Any CPU
	EndGlobalSection
	GlobalSection(SolutionProperties) = preSolution
		HideSolutionNode = FALSE
	EndGlobalSection
	GlobalSection(ExtensibilityGlobals) = postSolution
		SolutionGuid = {B9306263-8299-4915-B5BD-99F4D0B79A3E}
	EndGlobalSection
EndGlobal
