
Microsoft Visual Studio Solution File, Format Version 12.00
# Visual Studio 15
VisualStudioVersion = 15.0.28307.329
MinimumVisualStudioVersion = 10.0.40219.1
Project("{FAE04EC0-301F-11D3-BF4B-00C04F79EFBC}") = "RandomZvezda", "RandomZvezda\RandomZvezda.csproj", "{98EFC817-3D2C-440E-A97D-63085F146EA1}"
EndProject
Global
	GlobalSection(SolutionConfigurationPlatforms) = preSolution
		Debug|Any CPU = Debug|Any CPU
		Release|Any CPU = Release|Any CPU
	EndGlobalSection
	GlobalSection(ProjectConfigurationPlatforms) = postSolution
		{98EFC817-3D2C-440E-A97D-63085F146EA1}.Debug|Any CPU.ActiveCfg = Debug|Any CPU
		{98EFC817-3D2C-440E-A97D-63085F146EA1}.Debug|Any CPU.Build.0 = Debug|Any CPU
		{98EFC817-3D2C-440E-A97D-63085F146EA1}.Release|Any CPU.ActiveCfg = Release|Any CPU
		{98EFC817-3D2C-440E-A97D-63085F146EA1}.Release|Any CPU.Build.0 = Release|Any CPU
	EndGlobalSection
	GlobalSection(SolutionProperties) = preSolution
		HideSolutionNode = FALSE
	EndGlobalSection
	GlobalSection(ExtensibilityGlobals) = postSolution
		SolutionGuid = {ECAC7CA1-26EF-4A5A-BE77-43C7142EC1E0}
	EndGlobalSection
EndGlobal
