
Microsoft Visual Studio Solution File, Format Version 12.00
# Visual Studio 15
VisualStudioVersion = 15.0.28307.168
MinimumVisualStudioVersion = 10.0.40219.1
Project("{FAE04EC0-301F-11D3-BF4B-00C04F79EFBC}") = "G. 73535.dozen", "G. 73535.dozen\G. 73535.dozen.csproj", "{EADFBA85-AF18-4F66-B37E-D9597816A971}"
EndProject
Global
	GlobalSection(SolutionConfigurationPlatforms) = preSolution
		Debug|Any CPU = Debug|Any CPU
		Release|Any CPU = Release|Any CPU
	EndGlobalSection
	GlobalSection(ProjectConfigurationPlatforms) = postSolution
		{EADFBA85-AF18-4F66-B37E-D9597816A971}.Debug|Any CPU.ActiveCfg = Debug|Any CPU
		{EADFBA85-AF18-4F66-B37E-D9597816A971}.Debug|Any CPU.Build.0 = Debug|Any CPU
		{EADFBA85-AF18-4F66-B37E-D9597816A971}.Release|Any CPU.ActiveCfg = Release|Any CPU
		{EADFBA85-AF18-4F66-B37E-D9597816A971}.Release|Any CPU.Build.0 = Release|Any CPU
	EndGlobalSection
	GlobalSection(SolutionProperties) = preSolution
		HideSolutionNode = FALSE
	EndGlobalSection
	GlobalSection(ExtensibilityGlobals) = postSolution
		SolutionGuid = {9DB4F149-F72F-4D0E-AC3F-C8CB3A609766}
	EndGlobalSection
EndGlobal
