
Microsoft Visual Studio Solution File, Format Version 12.00
# Visual Studio 15
VisualStudioVersion = 15.0.28307.168
MinimumVisualStudioVersion = 10.0.40219.1
Project("{FAE04EC0-301F-11D3-BF4B-00C04F79EFBC}") = "zad10.73239. Upper bound -1", "zad10.73239. Upper bound -1\zad10.73239. Upper bound -1.csproj", "{2E7C1117-5DE4-42B5-98CC-E088B1278833}"
EndProject
Global
	GlobalSection(SolutionConfigurationPlatforms) = preSolution
		Debug|Any CPU = Debug|Any CPU
		Release|Any CPU = Release|Any CPU
	EndGlobalSection
	GlobalSection(ProjectConfigurationPlatforms) = postSolution
		{2E7C1117-5DE4-42B5-98CC-E088B1278833}.Debug|Any CPU.ActiveCfg = Debug|Any CPU
		{2E7C1117-5DE4-42B5-98CC-E088B1278833}.Debug|Any CPU.Build.0 = Debug|Any CPU
		{2E7C1117-5DE4-42B5-98CC-E088B1278833}.Release|Any CPU.ActiveCfg = Release|Any CPU
		{2E7C1117-5DE4-42B5-98CC-E088B1278833}.Release|Any CPU.Build.0 = Release|Any CPU
	EndGlobalSection
	GlobalSection(SolutionProperties) = preSolution
		HideSolutionNode = FALSE
	EndGlobalSection
	GlobalSection(ExtensibilityGlobals) = postSolution
		SolutionGuid = {53A04A03-154A-486B-A247-EDEA9EA6BD89}
	EndGlobalSection
EndGlobal
