
Microsoft Visual Studio Solution File, Format Version 12.00
# Visual Studio 15
VisualStudioVersion = 15.0.28307.168
MinimumVisualStudioVersion = 10.0.40219.1
Project("{FAE04EC0-301F-11D3-BF4B-00C04F79EFBC}") = "D. 73588.hole number", "D. 73588.hole number\D. 73588.hole number.csproj", "{56E88416-2425-4258-ACF1-B15F154FC27C}"
EndProject
Global
	GlobalSection(SolutionConfigurationPlatforms) = preSolution
		Debug|Any CPU = Debug|Any CPU
		Release|Any CPU = Release|Any CPU
	EndGlobalSection
	GlobalSection(ProjectConfigurationPlatforms) = postSolution
		{56E88416-2425-4258-ACF1-B15F154FC27C}.Debug|Any CPU.ActiveCfg = Debug|Any CPU
		{56E88416-2425-4258-ACF1-B15F154FC27C}.Debug|Any CPU.Build.0 = Debug|Any CPU
		{56E88416-2425-4258-ACF1-B15F154FC27C}.Release|Any CPU.ActiveCfg = Release|Any CPU
		{56E88416-2425-4258-ACF1-B15F154FC27C}.Release|Any CPU.Build.0 = Release|Any CPU
	EndGlobalSection
	GlobalSection(SolutionProperties) = preSolution
		HideSolutionNode = FALSE
	EndGlobalSection
	GlobalSection(ExtensibilityGlobals) = postSolution
		SolutionGuid = {3D4030D4-CD72-4A33-8CA8-DD60107DFA3D}
	EndGlobalSection
EndGlobal
