
Microsoft Visual Studio Solution File, Format Version 12.00
# Visual Studio 15
VisualStudioVersion = 15.0.28307.168
MinimumVisualStudioVersion = 10.0.40219.1
Project("{FAE04EC0-301F-11D3-BF4B-00C04F79EFBC}") = "zad7.maxi", "zad7.maxi\zad7.maxi.csproj", "{9ADFE467-7B44-4013-8511-C3627A8E9108}"
EndProject
Global
	GlobalSection(SolutionConfigurationPlatforms) = preSolution
		Debug|Any CPU = Debug|Any CPU
		Release|Any CPU = Release|Any CPU
	EndGlobalSection
	GlobalSection(ProjectConfigurationPlatforms) = postSolution
		{9ADFE467-7B44-4013-8511-C3627A8E9108}.Debug|Any CPU.ActiveCfg = Debug|Any CPU
		{9ADFE467-7B44-4013-8511-C3627A8E9108}.Debug|Any CPU.Build.0 = Debug|Any CPU
		{9ADFE467-7B44-4013-8511-C3627A8E9108}.Release|Any CPU.ActiveCfg = Release|Any CPU
		{9ADFE467-7B44-4013-8511-C3627A8E9108}.Release|Any CPU.Build.0 = Release|Any CPU
	EndGlobalSection
	GlobalSection(SolutionProperties) = preSolution
		HideSolutionNode = FALSE
	EndGlobalSection
	GlobalSection(ExtensibilityGlobals) = postSolution
		SolutionGuid = {786F9744-E517-4E60-A518-E45D1130F632}
	EndGlobalSection
EndGlobal
