
Microsoft Visual Studio Solution File, Format Version 12.00
# Visual Studio 15
VisualStudioVersion = 15.0.28307.168
MinimumVisualStudioVersion = 10.0.40219.1
Project("{FAE04EC0-301F-11D3-BF4B-00C04F79EFBC}") = "E. 73490.bear", "E. 73490.bear\E. 73490.bear.csproj", "{54E0A4C4-57B7-4CD7-B63B-D1AF6D0BDB14}"
EndProject
Global
	GlobalSection(SolutionConfigurationPlatforms) = preSolution
		Debug|Any CPU = Debug|Any CPU
		Release|Any CPU = Release|Any CPU
	EndGlobalSection
	GlobalSection(ProjectConfigurationPlatforms) = postSolution
		{54E0A4C4-57B7-4CD7-B63B-D1AF6D0BDB14}.Debug|Any CPU.ActiveCfg = Debug|Any CPU
		{54E0A4C4-57B7-4CD7-B63B-D1AF6D0BDB14}.Debug|Any CPU.Build.0 = Debug|Any CPU
		{54E0A4C4-57B7-4CD7-B63B-D1AF6D0BDB14}.Release|Any CPU.ActiveCfg = Release|Any CPU
		{54E0A4C4-57B7-4CD7-B63B-D1AF6D0BDB14}.Release|Any CPU.Build.0 = Release|Any CPU
	EndGlobalSection
	GlobalSection(SolutionProperties) = preSolution
		HideSolutionNode = FALSE
	EndGlobalSection
	GlobalSection(ExtensibilityGlobals) = postSolution
		SolutionGuid = {22ED9B73-F179-40E5-B853-623D3971D197}
	EndGlobalSection
EndGlobal
